
Microsoft Visual Studio Solution File, Format Version 12.00
# Visual Studio Version 17
VisualStudioVersion = 17.14.36121.58 d17.14
MinimumVisualStudioVersion = 10.0.40219.1
Project("{FAE04EC0-301F-11D3-BF4B-00C04F79EFBC}") = "MiniMaxSum", "MiniMaxSum\MiniMaxSum.csproj", "{F6FC9551-BA5B-41B8-9AE1-C4E0A5395316}"
EndProject
Global
	GlobalSection(SolutionConfigurationPlatforms) = preSolution
		Debug|Any CPU = Debug|Any CPU
		Release|Any CPU = Release|Any CPU
	EndGlobalSection
	GlobalSection(ProjectConfigurationPlatforms) = postSolution
		{F6FC9551-BA5B-41B8-9AE1-C4E0A5395316}.Debug|Any CPU.ActiveCfg = Debug|Any CPU
		{F6FC9551-BA5B-41B8-9AE1-C4E0A5395316}.Debug|Any CPU.Build.0 = Debug|Any CPU
		{F6FC9551-BA5B-41B8-9AE1-C4E0A5395316}.Release|Any CPU.ActiveCfg = Release|Any CPU
		{F6FC9551-BA5B-41B8-9AE1-C4E0A5395316}.Release|Any CPU.Build.0 = Release|Any CPU
	EndGlobalSection
	GlobalSection(SolutionProperties) = preSolution
		HideSolutionNode = FALSE
	EndGlobalSection
	GlobalSection(ExtensibilityGlobals) = postSolution
		SolutionGuid = {4C2377A4-05A1-4E52-B858-DEE95EF9B3BA}
	EndGlobalSection
EndGlobal
